
Microsoft Visual Studio Solution File, Format Version 12.00
# Visual Studio Version 16
VisualStudioVersion = 16.0.29613.14
MinimumVisualStudioVersion = 10.0.40219.1
Project("{8BC9CEB8-8B4A-11D0-8D11-00A0C91BC942}") = "Est", "Est.vcxproj", "{D4102C5C-6772-48E3-B618-FA7464F118FB}"
EndProject
Project("{8BC9CEB8-8B4A-11D0-8D11-00A0C91BC942}") = "CalcNS", "CalcNS\CalcNS.vcxproj", "{4C756BB3-841E-4C0F-AE2A-4E21D7D941A4}"
EndProject
Project("{8BC9CEB8-8B4A-11D0-8D11-00A0C91BC942}") = "CalcSU", "CalcSU\CalcSU.vcxproj", "{742FBFC8-F5BE-4200-982A-89F38C8A8571}"
EndProject
Project("{8BC9CEB8-8B4A-11D0-8D11-00A0C91BC942}") = "CalcVL", "CalcVL\CalcVL.vcxproj", "{F78AB196-F8D9-450C-ABD2-59A092D81E83}"
EndProject
Project("{8BC9CEB8-8B4A-11D0-8D11-00A0C91BC942}") = "ConSO", "ConSO\ConSO\ConSO.vcxproj", "{C8DC4BF2-DFC9-4FDE-9C3A-4CA82F0EEE67}"
EndProject
Project("{8BC9CEB8-8B4A-11D0-8D11-00A0C91BC942}") = "constrained", "Triangulation_2\build\constrained.vcxproj", "{19AC592F-8C3C-3421-B7A0-E4964FAE260B}"
EndProject
Project("{8BC9CEB8-8B4A-11D0-8D11-00A0C91BC942}") = "ConvUTMGDC", "ConvUTMGDC\ConvUTMGDC\ConvUTMGDC.vcxproj", "{6801F4F2-F642-491E-AB16-C4612EFEF8E0}"
EndProject
Project("{8BC9CEB8-8B4A-11D0-8D11-00A0C91BC942}") = "HTTPRequests", "HTTPRequests\HTTPRequests\HTTPRequests.vcxproj", "{C2961F5C-A0A4-4D21-B30B-20C03900E167}"
EndProject
Project("{2150E333-8FDC-42A3-9474-1A3956D46DE8}") = "Solution Items", "Solution Items", "{8ACFE12E-6CC7-46F8-A952-53F68E167821}"
	ProjectSection(SolutionItems) = preProject
		DesCroquisView.cpp = DesCroquisView.cpp
		DesCroquisView.h = DesCroquisView.h
	EndProjectSection
EndProject
Project("{8BC9CEB8-8B4A-11D0-8D11-00A0C91BC942}") = "CADIO", "CadLib\CadIO\CadIO.vcxproj", "{5652C9E9-836B-6CF9-400A-99B813063F7B}"
EndProject
Project("{8BC9CEB8-8B4A-11D0-8D11-00A0C91BC942}") = "SimpPL", "SimpPL\SimpPL.vcxproj", "{8CD38558-EF02-4981-BB59-60963A665736}"
EndProject
Global
	GlobalSection(SolutionConfigurationPlatforms) = preSolution
		Debug|Win32 = Debug|Win32
		Debug|x64 = Debug|x64
		Debug|x86 = Debug|x86
		DebugDemo|Win32 = DebugDemo|Win32
		DebugDemo|x64 = DebugDemo|x64
		DebugDemo|x86 = DebugDemo|x86
		MinSizeRel|Win32 = MinSizeRel|Win32
		MinSizeRel|x64 = MinSizeRel|x64
		MinSizeRel|x86 = MinSizeRel|x86
		Release|Win32 = Release|Win32
		Release|x64 = Release|x64
		Release|x86 = Release|x86
		ReleaseDemo|Win32 = ReleaseDemo|Win32
		ReleaseDemo|x64 = ReleaseDemo|x64
		ReleaseDemo|x86 = ReleaseDemo|x86
		ReleaseDemp|Win32 = ReleaseDemp|Win32
		ReleaseDemp|x64 = ReleaseDemp|x64
		ReleaseDemp|x86 = ReleaseDemp|x86
		RelWithDebInfo|Win32 = RelWithDebInfo|Win32
		RelWithDebInfo|x64 = RelWithDebInfo|x64
		RelWithDebInfo|x86 = RelWithDebInfo|x86
		Template|Win32 = Template|Win32
		Template|x64 = Template|x64
		Template|x86 = Template|x86
	EndGlobalSection
	GlobalSection(ProjectConfigurationPlatforms) = postSolution
		{D4102C5C-6772-48E3-B618-FA7464F118FB}.Debug|Win32.ActiveCfg = Debug|Win32
		{D4102C5C-6772-48E3-B618-FA7464F118FB}.Debug|Win32.Build.0 = Debug|Win32
		{D4102C5C-6772-48E3-B618-FA7464F118FB}.Debug|x64.ActiveCfg = Debug|x64
		{D4102C5C-6772-48E3-B618-FA7464F118FB}.Debug|x64.Build.0 = Debug|x64
		{D4102C5C-6772-48E3-B618-FA7464F118FB}.Debug|x86.ActiveCfg = Debug|Win32
		{D4102C5C-6772-48E3-B618-FA7464F118FB}.Debug|x86.Build.0 = Debug|Win32
		{D4102C5C-6772-48E3-B618-FA7464F118FB}.DebugDemo|Win32.ActiveCfg = DebugDemo|Win32
		{D4102C5C-6772-48E3-B618-FA7464F118FB}.DebugDemo|Win32.Build.0 = DebugDemo|Win32
		{D4102C5C-6772-48E3-B618-FA7464F118FB}.DebugDemo|x64.ActiveCfg = DebugDemo|x64
		{D4102C5C-6772-48E3-B618-FA7464F118FB}.DebugDemo|x64.Build.0 = DebugDemo|x64
		{D4102C5C-6772-48E3-B618-FA7464F118FB}.DebugDemo|x86.ActiveCfg = DebugDemo|Win32
		{D4102C5C-6772-48E3-B618-FA7464F118FB}.DebugDemo|x86.Build.0 = DebugDemo|Win32
		{D4102C5C-6772-48E3-B618-FA7464F118FB}.MinSizeRel|Win32.ActiveCfg = Template|x64
		{D4102C5C-6772-48E3-B618-FA7464F118FB}.MinSizeRel|x64.ActiveCfg = Template|x64
		{D4102C5C-6772-48E3-B618-FA7464F118FB}.MinSizeRel|x64.Build.0 = Template|x64
		{D4102C5C-6772-48E3-B618-FA7464F118FB}.MinSizeRel|x86.ActiveCfg = Template|Win32
		{D4102C5C-6772-48E3-B618-FA7464F118FB}.MinSizeRel|x86.Build.0 = Template|Win32
		{D4102C5C-6772-48E3-B618-FA7464F118FB}.Release|Win32.ActiveCfg = Release|Win32
		{D4102C5C-6772-48E3-B618-FA7464F118FB}.Release|Win32.Build.0 = Release|Win32
		{D4102C5C-6772-48E3-B618-FA7464F118FB}.Release|x64.ActiveCfg = Release|x64
		{D4102C5C-6772-48E3-B618-FA7464F118FB}.Release|x64.Build.0 = Release|x64
		{D4102C5C-6772-48E3-B618-FA7464F118FB}.Release|x86.ActiveCfg = Release|Win32
		{D4102C5C-6772-48E3-B618-FA7464F118FB}.Release|x86.Build.0 = Release|Win32
		{D4102C5C-6772-48E3-B618-FA7464F118FB}.ReleaseDemo|Win32.ActiveCfg = ReleaseDemp|x64
		{D4102C5C-6772-48E3-B618-FA7464F118FB}.ReleaseDemo|x64.ActiveCfg = ReleaseDemp|x64
		{D4102C5C-6772-48E3-B618-FA7464F118FB}.ReleaseDemo|x64.Build.0 = ReleaseDemp|x64
		{D4102C5C-6772-48E3-B618-FA7464F118FB}.ReleaseDemo|x86.ActiveCfg = ReleaseDemp|Win32
		{D4102C5C-6772-48E3-B618-FA7464F118FB}.ReleaseDemo|x86.Build.0 = ReleaseDemp|Win32
		{D4102C5C-6772-48E3-B618-FA7464F118FB}.ReleaseDemp|Win32.ActiveCfg = ReleaseDemp|Win32
		{D4102C5C-6772-48E3-B618-FA7464F118FB}.ReleaseDemp|Win32.Build.0 = ReleaseDemp|Win32
		{D4102C5C-6772-48E3-B618-FA7464F118FB}.ReleaseDemp|x64.ActiveCfg = ReleaseDemp|x64
		{D4102C5C-6772-48E3-B618-FA7464F118FB}.ReleaseDemp|x64.Build.0 = ReleaseDemp|x64
		{D4102C5C-6772-48E3-B618-FA7464F118FB}.ReleaseDemp|x86.ActiveCfg = ReleaseDemp|Win32
		{D4102C5C-6772-48E3-B618-FA7464F118FB}.ReleaseDemp|x86.Build.0 = ReleaseDemp|Win32
		{D4102C5C-6772-48E3-B618-FA7464F118FB}.RelWithDebInfo|Win32.ActiveCfg = Release|x64
		{D4102C5C-6772-48E3-B618-FA7464F118FB}.RelWithDebInfo|x64.ActiveCfg = Release|x64
		{D4102C5C-6772-48E3-B618-FA7464F118FB}.RelWithDebInfo|x64.Build.0 = Release|x64
		{D4102C5C-6772-48E3-B618-FA7464F118FB}.RelWithDebInfo|x86.ActiveCfg = ReleaseDemp|Win32
		{D4102C5C-6772-48E3-B618-FA7464F118FB}.RelWithDebInfo|x86.Build.0 = ReleaseDemp|Win32
		{D4102C5C-6772-48E3-B618-FA7464F118FB}.Template|Win32.ActiveCfg = Template|Win32
		{D4102C5C-6772-48E3-B618-FA7464F118FB}.Template|Win32.Build.0 = Template|Win32
		{D4102C5C-6772-48E3-B618-FA7464F118FB}.Template|x64.ActiveCfg = Template|x64
		{D4102C5C-6772-48E3-B618-FA7464F118FB}.Template|x64.Build.0 = Template|x64
		{D4102C5C-6772-48E3-B618-FA7464F118FB}.Template|x86.ActiveCfg = Template|Win32
		{D4102C5C-6772-48E3-B618-FA7464F118FB}.Template|x86.Build.0 = Template|Win32
		{4C756BB3-841E-4C0F-AE2A-4E21D7D941A4}.Debug|Win32.ActiveCfg = Debug|Win32
		{4C756BB3-841E-4C0F-AE2A-4E21D7D941A4}.Debug|Win32.Build.0 = Debug|Win32
		{4C756BB3-841E-4C0F-AE2A-4E21D7D941A4}.Debug|x64.ActiveCfg = Debug|x64
		{4C756BB3-841E-4C0F-AE2A-4E21D7D941A4}.Debug|x64.Build.0 = Debug|x64
		{4C756BB3-841E-4C0F-AE2A-4E21D7D941A4}.Debug|x86.ActiveCfg = Debug|Win32
		{4C756BB3-841E-4C0F-AE2A-4E21D7D941A4}.Debug|x86.Build.0 = Debug|Win32
		{4C756BB3-841E-4C0F-AE2A-4E21D7D941A4}.DebugDemo|Win32.ActiveCfg = Debug|Win32
		{4C756BB3-841E-4C0F-AE2A-4E21D7D941A4}.DebugDemo|Win32.Build.0 = Debug|Win32
		{4C756BB3-841E-4C0F-AE2A-4E21D7D941A4}.DebugDemo|x64.ActiveCfg = Debug|x64
		{4C756BB3-841E-4C0F-AE2A-4E21D7D941A4}.DebugDemo|x64.Build.0 = Debug|x64
		{4C756BB3-841E-4C0F-AE2A-4E21D7D941A4}.DebugDemo|x86.ActiveCfg = Debug|Win32
		{4C756BB3-841E-4C0F-AE2A-4E21D7D941A4}.DebugDemo|x86.Build.0 = Debug|Win32
		{4C756BB3-841E-4C0F-AE2A-4E21D7D941A4}.MinSizeRel|Win32.ActiveCfg = Template|Win32
		{4C756BB3-841E-4C0F-AE2A-4E21D7D941A4}.MinSizeRel|Win32.Build.0 = Template|Win32
		{4C756BB3-841E-4C0F-AE2A-4E21D7D941A4}.MinSizeRel|x64.ActiveCfg = Template|x64
		{4C756BB3-841E-4C0F-AE2A-4E21D7D941A4}.MinSizeRel|x64.Build.0 = Template|x64
		{4C756BB3-841E-4C0F-AE2A-4E21D7D941A4}.MinSizeRel|x86.ActiveCfg = Template|Win32
		{4C756BB3-841E-4C0F-AE2A-4E21D7D941A4}.MinSizeRel|x86.Build.0 = Template|Win32
		{4C756BB3-841E-4C0F-AE2A-4E21D7D941A4}.Release|Win32.ActiveCfg = Release|Win32
		{4C756BB3-841E-4C0F-AE2A-4E21D7D941A4}.Release|Win32.Build.0 = Release|Win32
		{4C756BB3-841E-4C0F-AE2A-4E21D7D941A4}.Release|x64.ActiveCfg = Release|x64
		{4C756BB3-841E-4C0F-AE2A-4E21D7D941A4}.Release|x64.Build.0 = Release|x64
		{4C756BB3-841E-4C0F-AE2A-4E21D7D941A4}.Release|x86.ActiveCfg = Release|Win32
		{4C756BB3-841E-4C0F-AE2A-4E21D7D941A4}.Release|x86.Build.0 = Release|Win32
		{4C756BB3-841E-4C0F-AE2A-4E21D7D941A4}.ReleaseDemo|Win32.ActiveCfg = ReleaseDemp|Win32
		{4C756BB3-841E-4C0F-AE2A-4E21D7D941A4}.ReleaseDemo|Win32.Build.0 = ReleaseDemp|Win32
		{4C756BB3-841E-4C0F-AE2A-4E21D7D941A4}.ReleaseDemo|x64.ActiveCfg = ReleaseDemp|x64
		{4C756BB3-841E-4C0F-AE2A-4E21D7D941A4}.ReleaseDemo|x64.Build.0 = ReleaseDemp|x64
		{4C756BB3-841E-4C0F-AE2A-4E21D7D941A4}.ReleaseDemo|x86.ActiveCfg = ReleaseDemp|Win32
		{4C756BB3-841E-4C0F-AE2A-4E21D7D941A4}.ReleaseDemo|x86.Build.0 = ReleaseDemp|Win32
		{4C756BB3-841E-4C0F-AE2A-4E21D7D941A4}.ReleaseDemp|Win32.ActiveCfg = ReleaseDemp|Win32
		{4C756BB3-841E-4C0F-AE2A-4E21D7D941A4}.ReleaseDemp|Win32.Build.0 = ReleaseDemp|Win32
		{4C756BB3-841E-4C0F-AE2A-4E21D7D941A4}.ReleaseDemp|x64.ActiveCfg = ReleaseDemp|x64
		{4C756BB3-841E-4C0F-AE2A-4E21D7D941A4}.ReleaseDemp|x64.Build.0 = ReleaseDemp|x64
		{4C756BB3-841E-4C0F-AE2A-4E21D7D941A4}.ReleaseDemp|x86.ActiveCfg = ReleaseDemp|Win32
		{4C756BB3-841E-4C0F-AE2A-4E21D7D941A4}.ReleaseDemp|x86.Build.0 = ReleaseDemp|Win32
		{4C756BB3-841E-4C0F-AE2A-4E21D7D941A4}.RelWithDebInfo|Win32.ActiveCfg = Release|Win32
		{4C756BB3-841E-4C0F-AE2A-4E21D7D941A4}.RelWithDebInfo|Win32.Build.0 = Release|Win32
		{4C756BB3-841E-4C0F-AE2A-4E21D7D941A4}.RelWithDebInfo|x64.ActiveCfg = ReleaseDemp|x64
		{4C756BB3-841E-4C0F-AE2A-4E21D7D941A4}.RelWithDebInfo|x64.Build.0 = ReleaseDemp|x64
		{4C756BB3-841E-4C0F-AE2A-4E21D7D941A4}.RelWithDebInfo|x86.ActiveCfg = Release|Win32
		{4C756BB3-841E-4C0F-AE2A-4E21D7D941A4}.RelWithDebInfo|x86.Build.0 = Release|Win32
		{4C756BB3-841E-4C0F-AE2A-4E21D7D941A4}.Template|Win32.ActiveCfg = Template|Win32
		{4C756BB3-841E-4C0F-AE2A-4E21D7D941A4}.Template|Win32.Build.0 = Template|Win32
		{4C756BB3-841E-4C0F-AE2A-4E21D7D941A4}.Template|x64.ActiveCfg = Template|x64
		{4C756BB3-841E-4C0F-AE2A-4E21D7D941A4}.Template|x64.Build.0 = Template|x64
		{4C756BB3-841E-4C0F-AE2A-4E21D7D941A4}.Template|x86.ActiveCfg = Template|Win32
		{4C756BB3-841E-4C0F-AE2A-4E21D7D941A4}.Template|x86.Build.0 = Template|Win32
		{742FBFC8-F5BE-4200-982A-89F38C8A8571}.Debug|Win32.ActiveCfg = Debug|Win32
		{742FBFC8-F5BE-4200-982A-89F38C8A8571}.Debug|Win32.Build.0 = Debug|Win32
		{742FBFC8-F5BE-4200-982A-89F38C8A8571}.Debug|x64.ActiveCfg = Debug|x64
		{742FBFC8-F5BE-4200-982A-89F38C8A8571}.Debug|x64.Build.0 = Debug|x64
		{742FBFC8-F5BE-4200-982A-89F38C8A8571}.Debug|x86.ActiveCfg = Debug|Win32
		{742FBFC8-F5BE-4200-982A-89F38C8A8571}.Debug|x86.Build.0 = Debug|Win32
		{742FBFC8-F5BE-4200-982A-89F38C8A8571}.DebugDemo|Win32.ActiveCfg = Debug|Win32
		{742FBFC8-F5BE-4200-982A-89F38C8A8571}.DebugDemo|Win32.Build.0 = Debug|Win32
		{742FBFC8-F5BE-4200-982A-89F38C8A8571}.DebugDemo|x64.ActiveCfg = Debug|x64
		{742FBFC8-F5BE-4200-982A-89F38C8A8571}.DebugDemo|x64.Build.0 = Debug|x64
		{742FBFC8-F5BE-4200-982A-89F38C8A8571}.DebugDemo|x86.ActiveCfg = Debug|Win32
		{742FBFC8-F5BE-4200-982A-89F38C8A8571}.DebugDemo|x86.Build.0 = Debug|Win32
		{742FBFC8-F5BE-4200-982A-89F38C8A8571}.MinSizeRel|Win32.ActiveCfg = Template|Win32
		{742FBFC8-F5BE-4200-982A-89F38C8A8571}.MinSizeRel|Win32.Build.0 = Template|Win32
		{742FBFC8-F5BE-4200-982A-89F38C8A8571}.MinSizeRel|x64.ActiveCfg = Template|x64
		{742FBFC8-F5BE-4200-982A-89F38C8A8571}.MinSizeRel|x64.Build.0 = Template|x64
		{742FBFC8-F5BE-4200-982A-89F38C8A8571}.MinSizeRel|x86.ActiveCfg = Template|Win32
		{742FBFC8-F5BE-4200-982A-89F38C8A8571}.MinSizeRel|x86.Build.0 = Template|Win32
		{742FBFC8-F5BE-4200-982A-89F38C8A8571}.Release|Win32.ActiveCfg = Release|Win32
		{742FBFC8-F5BE-4200-982A-89F38C8A8571}.Release|Win32.Build.0 = Release|Win32
		{742FBFC8-F5BE-4200-982A-89F38C8A8571}.Release|x64.ActiveCfg = Release|x64
		{742FBFC8-F5BE-4200-982A-89F38C8A8571}.Release|x64.Build.0 = Release|x64
		{742FBFC8-F5BE-4200-982A-89F38C8A8571}.Release|x86.ActiveCfg = Release|Win32
		{742FBFC8-F5BE-4200-982A-89F38C8A8571}.Release|x86.Build.0 = Release|Win32
		{742FBFC8-F5BE-4200-982A-89F38C8A8571}.ReleaseDemo|Win32.ActiveCfg = ReleaseDemp|Win32
		{742FBFC8-F5BE-4200-982A-89F38C8A8571}.ReleaseDemo|Win32.Build.0 = ReleaseDemp|Win32
		{742FBFC8-F5BE-4200-982A-89F38C8A8571}.ReleaseDemo|x64.ActiveCfg = ReleaseDemp|x64
		{742FBFC8-F5BE-4200-982A-89F38C8A8571}.ReleaseDemo|x64.Build.0 = ReleaseDemp|x64
		{742FBFC8-F5BE-4200-982A-89F38C8A8571}.ReleaseDemo|x86.ActiveCfg = ReleaseDemp|Win32
		{742FBFC8-F5BE-4200-982A-89F38C8A8571}.ReleaseDemo|x86.Build.0 = ReleaseDemp|Win32
		{742FBFC8-F5BE-4200-982A-89F38C8A8571}.ReleaseDemp|Win32.ActiveCfg = ReleaseDemp|Win32
		{742FBFC8-F5BE-4200-982A-89F38C8A8571}.ReleaseDemp|Win32.Build.0 = ReleaseDemp|Win32
		{742FBFC8-F5BE-4200-982A-89F38C8A8571}.ReleaseDemp|x64.ActiveCfg = ReleaseDemp|x64
		{742FBFC8-F5BE-4200-982A-89F38C8A8571}.ReleaseDemp|x64.Build.0 = ReleaseDemp|x64
		{742FBFC8-F5BE-4200-982A-89F38C8A8571}.ReleaseDemp|x86.ActiveCfg = ReleaseDemp|Win32
		{742FBFC8-F5BE-4200-982A-89F38C8A8571}.ReleaseDemp|x86.Build.0 = ReleaseDemp|Win32
		{742FBFC8-F5BE-4200-982A-89F38C8A8571}.RelWithDebInfo|Win32.ActiveCfg = Release|Win32
		{742FBFC8-F5BE-4200-982A-89F38C8A8571}.RelWithDebInfo|Win32.Build.0 = Release|Win32
		{742FBFC8-F5BE-4200-982A-89F38C8A8571}.RelWithDebInfo|x64.ActiveCfg = ReleaseDemp|x64
		{742FBFC8-F5BE-4200-982A-89F38C8A8571}.RelWithDebInfo|x64.Build.0 = ReleaseDemp|x64
		{742FBFC8-F5BE-4200-982A-89F38C8A8571}.RelWithDebInfo|x86.ActiveCfg = Release|Win32
		{742FBFC8-F5BE-4200-982A-89F38C8A8571}.RelWithDebInfo|x86.Build.0 = Release|Win32
		{742FBFC8-F5BE-4200-982A-89F38C8A8571}.Template|Win32.ActiveCfg = Template|Win32
		{742FBFC8-F5BE-4200-982A-89F38C8A8571}.Template|Win32.Build.0 = Template|Win32
		{742FBFC8-F5BE-4200-982A-89F38C8A8571}.Template|x64.ActiveCfg = Template|x64
		{742FBFC8-F5BE-4200-982A-89F38C8A8571}.Template|x64.Build.0 = Template|x64
		{742FBFC8-F5BE-4200-982A-89F38C8A8571}.Template|x86.ActiveCfg = Template|Win32
		{742FBFC8-F5BE-4200-982A-89F38C8A8571}.Template|x86.Build.0 = Template|Win32
		{F78AB196-F8D9-450C-ABD2-59A092D81E83}.Debug|Win32.ActiveCfg = Debug|Win32
		{F78AB196-F8D9-450C-ABD2-59A092D81E83}.Debug|Win32.Build.0 = Debug|Win32
		{F78AB196-F8D9-450C-ABD2-59A092D81E83}.Debug|x64.ActiveCfg = Debug|x64
		{F78AB196-F8D9-450C-ABD2-59A092D81E83}.Debug|x64.Build.0 = Debug|x64
		{F78AB196-F8D9-450C-ABD2-59A092D81E83}.Debug|x86.ActiveCfg = Debug|Win32
		{F78AB196-F8D9-450C-ABD2-59A092D81E83}.Debug|x86.Build.0 = Debug|Win32
		{F78AB196-F8D9-450C-ABD2-59A092D81E83}.DebugDemo|Win32.ActiveCfg = Debug|Win32
		{F78AB196-F8D9-450C-ABD2-59A092D81E83}.DebugDemo|Win32.Build.0 = Debug|Win32
		{F78AB196-F8D9-450C-ABD2-59A092D81E83}.DebugDemo|x64.ActiveCfg = Debug|x64
		{F78AB196-F8D9-450C-ABD2-59A092D81E83}.DebugDemo|x64.Build.0 = Debug|x64
		{F78AB196-F8D9-450C-ABD2-59A092D81E83}.DebugDemo|x86.ActiveCfg = Debug|Win32
		{F78AB196-F8D9-450C-ABD2-59A092D81E83}.DebugDemo|x86.Build.0 = Debug|Win32
		{F78AB196-F8D9-450C-ABD2-59A092D81E83}.MinSizeRel|Win32.ActiveCfg = Template|Win32
		{F78AB196-F8D9-450C-ABD2-59A092D81E83}.MinSizeRel|Win32.Build.0 = Template|Win32
		{F78AB196-F8D9-450C-ABD2-59A092D81E83}.MinSizeRel|x64.ActiveCfg = Template|x64
		{F78AB196-F8D9-450C-ABD2-59A092D81E83}.MinSizeRel|x64.Build.0 = Template|x64
		{F78AB196-F8D9-450C-ABD2-59A092D81E83}.MinSizeRel|x86.ActiveCfg = Template|Win32
		{F78AB196-F8D9-450C-ABD2-59A092D81E83}.MinSizeRel|x86.Build.0 = Template|Win32
		{F78AB196-F8D9-450C-ABD2-59A092D81E83}.Release|Win32.ActiveCfg = Release|Win32
		{F78AB196-F8D9-450C-ABD2-59A092D81E83}.Release|Win32.Build.0 = Release|Win32
		{F78AB196-F8D9-450C-ABD2-59A092D81E83}.Release|x64.ActiveCfg = Release|x64
		{F78AB196-F8D9-450C-ABD2-59A092D81E83}.Release|x64.Build.0 = Release|x64
		{F78AB196-F8D9-450C-ABD2-59A092D81E83}.Release|x86.ActiveCfg = Release|Win32
		{F78AB196-F8D9-450C-ABD2-59A092D81E83}.Release|x86.Build.0 = Release|Win32
		{F78AB196-F8D9-450C-ABD2-59A092D81E83}.ReleaseDemo|Win32.ActiveCfg = ReleaseDemp|Win32
		{F78AB196-F8D9-450C-ABD2-59A092D81E83}.ReleaseDemo|Win32.Build.0 = ReleaseDemp|Win32
		{F78AB196-F8D9-450C-ABD2-59A092D81E83}.ReleaseDemo|x64.ActiveCfg = ReleaseDemp|x64
		{F78AB196-F8D9-450C-ABD2-59A092D81E83}.ReleaseDemo|x64.Build.0 = ReleaseDemp|x64
		{F78AB196-F8D9-450C-ABD2-59A092D81E83}.ReleaseDemo|x86.ActiveCfg = ReleaseDemp|Win32
		{F78AB196-F8D9-450C-ABD2-59A092D81E83}.ReleaseDemo|x86.Build.0 = ReleaseDemp|Win32
		{F78AB196-F8D9-450C-ABD2-59A092D81E83}.ReleaseDemp|Win32.ActiveCfg = ReleaseDemp|Win32
		{F78AB196-F8D9-450C-ABD2-59A092D81E83}.ReleaseDemp|Win32.Build.0 = ReleaseDemp|Win32
		{F78AB196-F8D9-450C-ABD2-59A092D81E83}.ReleaseDemp|x64.ActiveCfg = ReleaseDemp|x64
		{F78AB196-F8D9-450C-ABD2-59A092D81E83}.ReleaseDemp|x64.Build.0 = ReleaseDemp|x64
		{F78AB196-F8D9-450C-ABD2-59A092D81E83}.ReleaseDemp|x86.ActiveCfg = ReleaseDemp|Win32
		{F78AB196-F8D9-450C-ABD2-59A092D81E83}.ReleaseDemp|x86.Build.0 = ReleaseDemp|Win32
		{F78AB196-F8D9-450C-ABD2-59A092D81E83}.RelWithDebInfo|Win32.ActiveCfg = Release|Win32
		{F78AB196-F8D9-450C-ABD2-59A092D81E83}.RelWithDebInfo|Win32.Build.0 = Release|Win32
		{F78AB196-F8D9-450C-ABD2-59A092D81E83}.RelWithDebInfo|x64.ActiveCfg = ReleaseDemp|x64
		{F78AB196-F8D9-450C-ABD2-59A092D81E83}.RelWithDebInfo|x64.Build.0 = ReleaseDemp|x64
		{F78AB196-F8D9-450C-ABD2-59A092D81E83}.RelWithDebInfo|x86.ActiveCfg = Release|Win32
		{F78AB196-F8D9-450C-ABD2-59A092D81E83}.RelWithDebInfo|x86.Build.0 = Release|Win32
		{F78AB196-F8D9-450C-ABD2-59A092D81E83}.Template|Win32.ActiveCfg = Template|Win32
		{F78AB196-F8D9-450C-ABD2-59A092D81E83}.Template|Win32.Build.0 = Template|Win32
		{F78AB196-F8D9-450C-ABD2-59A092D81E83}.Template|x64.ActiveCfg = Template|x64
		{F78AB196-F8D9-450C-ABD2-59A092D81E83}.Template|x64.Build.0 = Template|x64
		{F78AB196-F8D9-450C-ABD2-59A092D81E83}.Template|x86.ActiveCfg = Template|Win32
		{F78AB196-F8D9-450C-ABD2-59A092D81E83}.Template|x86.Build.0 = Template|Win32
		{C8DC4BF2-DFC9-4FDE-9C3A-4CA82F0EEE67}.Debug|Win32.ActiveCfg = Debug|Win32
		{C8DC4BF2-DFC9-4FDE-9C3A-4CA82F0EEE67}.Debug|Win32.Build.0 = Debug|Win32
		{C8DC4BF2-DFC9-4FDE-9C3A-4CA82F0EEE67}.Debug|x64.ActiveCfg = Debug|x64
		{C8DC4BF2-DFC9-4FDE-9C3A-4CA82F0EEE67}.Debug|x64.Build.0 = Debug|x64
		{C8DC4BF2-DFC9-4FDE-9C3A-4CA82F0EEE67}.Debug|x86.ActiveCfg = Debug|Win32
		{C8DC4BF2-DFC9-4FDE-9C3A-4CA82F0EEE67}.Debug|x86.Build.0 = Debug|Win32
		{C8DC4BF2-DFC9-4FDE-9C3A-4CA82F0EEE67}.DebugDemo|Win32.ActiveCfg = Debug|Win32
		{C8DC4BF2-DFC9-4FDE-9C3A-4CA82F0EEE67}.DebugDemo|Win32.Build.0 = Debug|Win32
		{C8DC4BF2-DFC9-4FDE-9C3A-4CA82F0EEE67}.DebugDemo|x64.ActiveCfg = Debug|x64
		{C8DC4BF2-DFC9-4FDE-9C3A-4CA82F0EEE67}.DebugDemo|x64.Build.0 = Debug|x64
		{C8DC4BF2-DFC9-4FDE-9C3A-4CA82F0EEE67}.DebugDemo|x86.ActiveCfg = Debug|Win32
		{C8DC4BF2-DFC9-4FDE-9C3A-4CA82F0EEE67}.DebugDemo|x86.Build.0 = Debug|Win32
		{C8DC4BF2-DFC9-4FDE-9C3A-4CA82F0EEE67}.MinSizeRel|Win32.ActiveCfg = Release|Win32
		{C8DC4BF2-DFC9-4FDE-9C3A-4CA82F0EEE67}.MinSizeRel|Win32.Build.0 = Release|Win32
		{C8DC4BF2-DFC9-4FDE-9C3A-4CA82F0EEE67}.MinSizeRel|x64.ActiveCfg = Debug|x64
		{C8DC4BF2-DFC9-4FDE-9C3A-4CA82F0EEE67}.MinSizeRel|x64.Build.0 = Debug|x64
		{C8DC4BF2-DFC9-4FDE-9C3A-4CA82F0EEE67}.MinSizeRel|x86.ActiveCfg = Release|Win32
		{C8DC4BF2-DFC9-4FDE-9C3A-4CA82F0EEE67}.MinSizeRel|x86.Build.0 = Release|Win32
		{C8DC4BF2-DFC9-4FDE-9C3A-4CA82F0EEE67}.Release|Win32.ActiveCfg = Release|Win32
		{C8DC4BF2-DFC9-4FDE-9C3A-4CA82F0EEE67}.Release|Win32.Build.0 = Release|Win32
		{C8DC4BF2-DFC9-4FDE-9C3A-4CA82F0EEE67}.Release|x64.ActiveCfg = Release|x64
		{C8DC4BF2-DFC9-4FDE-9C3A-4CA82F0EEE67}.Release|x64.Build.0 = Release|x64
		{C8DC4BF2-DFC9-4FDE-9C3A-4CA82F0EEE67}.Release|x86.ActiveCfg = Release|Win32
		{C8DC4BF2-DFC9-4FDE-9C3A-4CA82F0EEE67}.Release|x86.Build.0 = Release|Win32
		{C8DC4BF2-DFC9-4FDE-9C3A-4CA82F0EEE67}.ReleaseDemo|Win32.ActiveCfg = Release|Win32
		{C8DC4BF2-DFC9-4FDE-9C3A-4CA82F0EEE67}.ReleaseDemo|Win32.Build.0 = Release|Win32
		{C8DC4BF2-DFC9-4FDE-9C3A-4CA82F0EEE67}.ReleaseDemo|x64.ActiveCfg = Release|x64
		{C8DC4BF2-DFC9-4FDE-9C3A-4CA82F0EEE67}.ReleaseDemo|x64.Build.0 = Release|x64
		{C8DC4BF2-DFC9-4FDE-9C3A-4CA82F0EEE67}.ReleaseDemo|x86.ActiveCfg = Release|Win32
		{C8DC4BF2-DFC9-4FDE-9C3A-4CA82F0EEE67}.ReleaseDemo|x86.Build.0 = Release|Win32
		{C8DC4BF2-DFC9-4FDE-9C3A-4CA82F0EEE67}.ReleaseDemp|Win32.ActiveCfg = Release|Win32
		{C8DC4BF2-DFC9-4FDE-9C3A-4CA82F0EEE67}.ReleaseDemp|Win32.Build.0 = Release|Win32
		{C8DC4BF2-DFC9-4FDE-9C3A-4CA82F0EEE67}.ReleaseDemp|x64.ActiveCfg = Release|x64
		{C8DC4BF2-DFC9-4FDE-9C3A-4CA82F0EEE67}.ReleaseDemp|x64.Build.0 = Release|x64
		{C8DC4BF2-DFC9-4FDE-9C3A-4CA82F0EEE67}.ReleaseDemp|x86.ActiveCfg = Release|Win32
		{C8DC4BF2-DFC9-4FDE-9C3A-4CA82F0EEE67}.ReleaseDemp|x86.Build.0 = Release|Win32
		{C8DC4BF2-DFC9-4FDE-9C3A-4CA82F0EEE67}.RelWithDebInfo|Win32.ActiveCfg = Release|Win32
		{C8DC4BF2-DFC9-4FDE-9C3A-4CA82F0EEE67}.RelWithDebInfo|Win32.Build.0 = Release|Win32
		{C8DC4BF2-DFC9-4FDE-9C3A-4CA82F0EEE67}.RelWithDebInfo|x64.ActiveCfg = Release|x64
		{C8DC4BF2-DFC9-4FDE-9C3A-4CA82F0EEE67}.RelWithDebInfo|x64.Build.0 = Release|x64
		{C8DC4BF2-DFC9-4FDE-9C3A-4CA82F0EEE67}.RelWithDebInfo|x86.ActiveCfg = Release|Win32
		{C8DC4BF2-DFC9-4FDE-9C3A-4CA82F0EEE67}.RelWithDebInfo|x86.Build.0 = Release|Win32
		{C8DC4BF2-DFC9-4FDE-9C3A-4CA82F0EEE67}.Template|Win32.ActiveCfg = Release|Win32
		{C8DC4BF2-DFC9-4FDE-9C3A-4CA82F0EEE67}.Template|Win32.Build.0 = Release|Win32
		{C8DC4BF2-DFC9-4FDE-9C3A-4CA82F0EEE67}.Template|x64.ActiveCfg = Debug|x64
		{C8DC4BF2-DFC9-4FDE-9C3A-4CA82F0EEE67}.Template|x64.Build.0 = Debug|x64
		{C8DC4BF2-DFC9-4FDE-9C3A-4CA82F0EEE67}.Template|x86.ActiveCfg = Release|Win32
		{C8DC4BF2-DFC9-4FDE-9C3A-4CA82F0EEE67}.Template|x86.Build.0 = Release|Win32
		{19AC592F-8C3C-3421-B7A0-E4964FAE260B}.Debug|Win32.ActiveCfg = Debug|x64
		{19AC592F-8C3C-3421-B7A0-E4964FAE260B}.Debug|x64.ActiveCfg = Debug|x64
		{19AC592F-8C3C-3421-B7A0-E4964FAE260B}.Debug|x64.Build.0 = Debug|x64
		{19AC592F-8C3C-3421-B7A0-E4964FAE260B}.Debug|x86.ActiveCfg = Debug|Win32
		{19AC592F-8C3C-3421-B7A0-E4964FAE260B}.DebugDemo|Win32.ActiveCfg = RelWithDebInfo|x64
		{19AC592F-8C3C-3421-B7A0-E4964FAE260B}.DebugDemo|Win32.Build.0 = RelWithDebInfo|x64
		{19AC592F-8C3C-3421-B7A0-E4964FAE260B}.DebugDemo|x64.ActiveCfg = Debug|x64
		{19AC592F-8C3C-3421-B7A0-E4964FAE260B}.DebugDemo|x64.Build.0 = Debug|x64
		{19AC592F-8C3C-3421-B7A0-E4964FAE260B}.DebugDemo|x86.ActiveCfg = RelWithDebInfo|x64
		{19AC592F-8C3C-3421-B7A0-E4964FAE260B}.DebugDemo|x86.Build.0 = RelWithDebInfo|x64
		{19AC592F-8C3C-3421-B7A0-E4964FAE260B}.MinSizeRel|Win32.ActiveCfg = MinSizeRel|x64
		{19AC592F-8C3C-3421-B7A0-E4964FAE260B}.MinSizeRel|x64.ActiveCfg = MinSizeRel|x64
		{19AC592F-8C3C-3421-B7A0-E4964FAE260B}.MinSizeRel|x64.Build.0 = MinSizeRel|x64
		{19AC592F-8C3C-3421-B7A0-E4964FAE260B}.MinSizeRel|x86.ActiveCfg = MinSizeRel|x64
		{19AC592F-8C3C-3421-B7A0-E4964FAE260B}.Release|Win32.ActiveCfg = Release|x64
		{19AC592F-8C3C-3421-B7A0-E4964FAE260B}.Release|x64.ActiveCfg = Release|x64
		{19AC592F-8C3C-3421-B7A0-E4964FAE260B}.Release|x64.Build.0 = Release|x64
		{19AC592F-8C3C-3421-B7A0-E4964FAE260B}.Release|x86.ActiveCfg = Release|x64
		{19AC592F-8C3C-3421-B7A0-E4964FAE260B}.ReleaseDemo|Win32.ActiveCfg = RelWithDebInfo|x64
		{19AC592F-8C3C-3421-B7A0-E4964FAE260B}.ReleaseDemo|Win32.Build.0 = RelWithDebInfo|x64
		{19AC592F-8C3C-3421-B7A0-E4964FAE260B}.ReleaseDemo|x64.ActiveCfg = Release|x64
		{19AC592F-8C3C-3421-B7A0-E4964FAE260B}.ReleaseDemo|x64.Build.0 = Release|x64
		{19AC592F-8C3C-3421-B7A0-E4964FAE260B}.ReleaseDemo|x86.ActiveCfg = RelWithDebInfo|x64
		{19AC592F-8C3C-3421-B7A0-E4964FAE260B}.ReleaseDemo|x86.Build.0 = RelWithDebInfo|x64
		{19AC592F-8C3C-3421-B7A0-E4964FAE260B}.ReleaseDemp|Win32.ActiveCfg = RelWithDebInfo|x64
		{19AC592F-8C3C-3421-B7A0-E4964FAE260B}.ReleaseDemp|Win32.Build.0 = RelWithDebInfo|x64
		{19AC592F-8C3C-3421-B7A0-E4964FAE260B}.ReleaseDemp|x64.ActiveCfg = Release|x64
		{19AC592F-8C3C-3421-B7A0-E4964FAE260B}.ReleaseDemp|x64.Build.0 = Release|x64
		{19AC592F-8C3C-3421-B7A0-E4964FAE260B}.ReleaseDemp|x86.ActiveCfg = RelWithDebInfo|x64
		{19AC592F-8C3C-3421-B7A0-E4964FAE260B}.ReleaseDemp|x86.Build.0 = RelWithDebInfo|x64
		{19AC592F-8C3C-3421-B7A0-E4964FAE260B}.RelWithDebInfo|Win32.ActiveCfg = RelWithDebInfo|x64
		{19AC592F-8C3C-3421-B7A0-E4964FAE260B}.RelWithDebInfo|x64.ActiveCfg = RelWithDebInfo|x64
		{19AC592F-8C3C-3421-B7A0-E4964FAE260B}.RelWithDebInfo|x64.Build.0 = RelWithDebInfo|x64
		{19AC592F-8C3C-3421-B7A0-E4964FAE260B}.RelWithDebInfo|x86.ActiveCfg = RelWithDebInfo|x64
		{19AC592F-8C3C-3421-B7A0-E4964FAE260B}.Template|Win32.ActiveCfg = RelWithDebInfo|x64
		{19AC592F-8C3C-3421-B7A0-E4964FAE260B}.Template|Win32.Build.0 = RelWithDebInfo|x64
		{19AC592F-8C3C-3421-B7A0-E4964FAE260B}.Template|x64.ActiveCfg = RelWithDebInfo|x64
		{19AC592F-8C3C-3421-B7A0-E4964FAE260B}.Template|x64.Build.0 = RelWithDebInfo|x64
		{19AC592F-8C3C-3421-B7A0-E4964FAE260B}.Template|x86.ActiveCfg = RelWithDebInfo|x64
		{19AC592F-8C3C-3421-B7A0-E4964FAE260B}.Template|x86.Build.0 = RelWithDebInfo|x64
		{6801F4F2-F642-491E-AB16-C4612EFEF8E0}.Debug|Win32.ActiveCfg = Debug|Win32
		{6801F4F2-F642-491E-AB16-C4612EFEF8E0}.Debug|Win32.Build.0 = Debug|Win32
		{6801F4F2-F642-491E-AB16-C4612EFEF8E0}.Debug|x64.ActiveCfg = Debug|x64
		{6801F4F2-F642-491E-AB16-C4612EFEF8E0}.Debug|x64.Build.0 = Debug|x64
		{6801F4F2-F642-491E-AB16-C4612EFEF8E0}.Debug|x86.ActiveCfg = Debug|Win32
		{6801F4F2-F642-491E-AB16-C4612EFEF8E0}.Debug|x86.Build.0 = Debug|Win32
		{6801F4F2-F642-491E-AB16-C4612EFEF8E0}.DebugDemo|Win32.ActiveCfg = Debug|Win32
		{6801F4F2-F642-491E-AB16-C4612EFEF8E0}.DebugDemo|Win32.Build.0 = Debug|Win32
		{6801F4F2-F642-491E-AB16-C4612EFEF8E0}.DebugDemo|x64.ActiveCfg = Debug|x64
		{6801F4F2-F642-491E-AB16-C4612EFEF8E0}.DebugDemo|x64.Build.0 = Debug|x64
		{6801F4F2-F642-491E-AB16-C4612EFEF8E0}.DebugDemo|x86.ActiveCfg = Debug|Win32
		{6801F4F2-F642-491E-AB16-C4612EFEF8E0}.DebugDemo|x86.Build.0 = Debug|Win32
		{6801F4F2-F642-491E-AB16-C4612EFEF8E0}.MinSizeRel|Win32.ActiveCfg = Release|Win32
		{6801F4F2-F642-491E-AB16-C4612EFEF8E0}.MinSizeRel|Win32.Build.0 = Release|Win32
		{6801F4F2-F642-491E-AB16-C4612EFEF8E0}.MinSizeRel|x64.ActiveCfg = Debug|x64
		{6801F4F2-F642-491E-AB16-C4612EFEF8E0}.MinSizeRel|x64.Build.0 = Debug|x64
		{6801F4F2-F642-491E-AB16-C4612EFEF8E0}.MinSizeRel|x86.ActiveCfg = Release|Win32
		{6801F4F2-F642-491E-AB16-C4612EFEF8E0}.MinSizeRel|x86.Build.0 = Release|Win32
		{6801F4F2-F642-491E-AB16-C4612EFEF8E0}.Release|Win32.ActiveCfg = Release|Win32
		{6801F4F2-F642-491E-AB16-C4612EFEF8E0}.Release|Win32.Build.0 = Release|Win32
		{6801F4F2-F642-491E-AB16-C4612EFEF8E0}.Release|x64.ActiveCfg = Release|x64
		{6801F4F2-F642-491E-AB16-C4612EFEF8E0}.Release|x64.Build.0 = Release|x64
		{6801F4F2-F642-491E-AB16-C4612EFEF8E0}.Release|x86.ActiveCfg = Release|Win32
		{6801F4F2-F642-491E-AB16-C4612EFEF8E0}.Release|x86.Build.0 = Release|Win32
		{6801F4F2-F642-491E-AB16-C4612EFEF8E0}.ReleaseDemo|Win32.ActiveCfg = Release|Win32
		{6801F4F2-F642-491E-AB16-C4612EFEF8E0}.ReleaseDemo|Win32.Build.0 = Release|Win32
		{6801F4F2-F642-491E-AB16-C4612EFEF8E0}.ReleaseDemo|x64.ActiveCfg = Release|x64
		{6801F4F2-F642-491E-AB16-C4612EFEF8E0}.ReleaseDemo|x64.Build.0 = Release|x64
		{6801F4F2-F642-491E-AB16-C4612EFEF8E0}.ReleaseDemo|x86.ActiveCfg = Release|Win32
		{6801F4F2-F642-491E-AB16-C4612EFEF8E0}.ReleaseDemo|x86.Build.0 = Release|Win32
		{6801F4F2-F642-491E-AB16-C4612EFEF8E0}.ReleaseDemp|Win32.ActiveCfg = Release|Win32
		{6801F4F2-F642-491E-AB16-C4612EFEF8E0}.ReleaseDemp|Win32.Build.0 = Release|Win32
		{6801F4F2-F642-491E-AB16-C4612EFEF8E0}.ReleaseDemp|x64.ActiveCfg = Release|x64
		{6801F4F2-F642-491E-AB16-C4612EFEF8E0}.ReleaseDemp|x64.Build.0 = Release|x64
		{6801F4F2-F642-491E-AB16-C4612EFEF8E0}.ReleaseDemp|x86.ActiveCfg = Release|Win32
		{6801F4F2-F642-491E-AB16-C4612EFEF8E0}.ReleaseDemp|x86.Build.0 = Release|Win32
		{6801F4F2-F642-491E-AB16-C4612EFEF8E0}.RelWithDebInfo|Win32.ActiveCfg = Release|Win32
		{6801F4F2-F642-491E-AB16-C4612EFEF8E0}.RelWithDebInfo|Win32.Build.0 = Release|Win32
		{6801F4F2-F642-491E-AB16-C4612EFEF8E0}.RelWithDebInfo|x64.ActiveCfg = Release|x64
		{6801F4F2-F642-491E-AB16-C4612EFEF8E0}.RelWithDebInfo|x64.Build.0 = Release|x64
		{6801F4F2-F642-491E-AB16-C4612EFEF8E0}.RelWithDebInfo|x86.ActiveCfg = Release|Win32
		{6801F4F2-F642-491E-AB16-C4612EFEF8E0}.RelWithDebInfo|x86.Build.0 = Release|Win32
		{6801F4F2-F642-491E-AB16-C4612EFEF8E0}.Template|Win32.ActiveCfg = Release|Win32
		{6801F4F2-F642-491E-AB16-C4612EFEF8E0}.Template|Win32.Build.0 = Release|Win32
		{6801F4F2-F642-491E-AB16-C4612EFEF8E0}.Template|x64.ActiveCfg = Debug|x64
		{6801F4F2-F642-491E-AB16-C4612EFEF8E0}.Template|x64.Build.0 = Debug|x64
		{6801F4F2-F642-491E-AB16-C4612EFEF8E0}.Template|x86.ActiveCfg = Release|Win32
		{6801F4F2-F642-491E-AB16-C4612EFEF8E0}.Template|x86.Build.0 = Release|Win32
		{C2961F5C-A0A4-4D21-B30B-20C03900E167}.Debug|Win32.ActiveCfg = Debug|Win32
		{C2961F5C-A0A4-4D21-B30B-20C03900E167}.Debug|Win32.Build.0 = Debug|Win32
		{C2961F5C-A0A4-4D21-B30B-20C03900E167}.Debug|x64.ActiveCfg = Debug|x64
		{C2961F5C-A0A4-4D21-B30B-20C03900E167}.Debug|x64.Build.0 = Debug|x64
		{C2961F5C-A0A4-4D21-B30B-20C03900E167}.Debug|x86.ActiveCfg = Debug|Win32
		{C2961F5C-A0A4-4D21-B30B-20C03900E167}.Debug|x86.Build.0 = Debug|Win32
		{C2961F5C-A0A4-4D21-B30B-20C03900E167}.DebugDemo|Win32.ActiveCfg = Debug|Win32
		{C2961F5C-A0A4-4D21-B30B-20C03900E167}.DebugDemo|Win32.Build.0 = Debug|Win32
		{C2961F5C-A0A4-4D21-B30B-20C03900E167}.DebugDemo|x64.ActiveCfg = Debug|x64
		{C2961F5C-A0A4-4D21-B30B-20C03900E167}.DebugDemo|x64.Build.0 = Debug|x64
		{C2961F5C-A0A4-4D21-B30B-20C03900E167}.DebugDemo|x86.ActiveCfg = Debug|Win32
		{C2961F5C-A0A4-4D21-B30B-20C03900E167}.DebugDemo|x86.Build.0 = Debug|Win32
		{C2961F5C-A0A4-4D21-B30B-20C03900E167}.MinSizeRel|Win32.ActiveCfg = Release|Win32
		{C2961F5C-A0A4-4D21-B30B-20C03900E167}.MinSizeRel|Win32.Build.0 = Release|Win32
		{C2961F5C-A0A4-4D21-B30B-20C03900E167}.MinSizeRel|x64.ActiveCfg = Debug|x64
		{C2961F5C-A0A4-4D21-B30B-20C03900E167}.MinSizeRel|x64.Build.0 = Debug|x64
		{C2961F5C-A0A4-4D21-B30B-20C03900E167}.MinSizeRel|x86.ActiveCfg = Release|Win32
		{C2961F5C-A0A4-4D21-B30B-20C03900E167}.MinSizeRel|x86.Build.0 = Release|Win32
		{C2961F5C-A0A4-4D21-B30B-20C03900E167}.Release|Win32.ActiveCfg = Release|Win32
		{C2961F5C-A0A4-4D21-B30B-20C03900E167}.Release|Win32.Build.0 = Release|Win32
		{C2961F5C-A0A4-4D21-B30B-20C03900E167}.Release|x64.ActiveCfg = Release|x64
		{C2961F5C-A0A4-4D21-B30B-20C03900E167}.Release|x64.Build.0 = Release|x64
		{C2961F5C-A0A4-4D21-B30B-20C03900E167}.Release|x86.ActiveCfg = Release|Win32
		{C2961F5C-A0A4-4D21-B30B-20C03900E167}.Release|x86.Build.0 = Release|Win32
		{C2961F5C-A0A4-4D21-B30B-20C03900E167}.ReleaseDemo|Win32.ActiveCfg = Release|Win32
		{C2961F5C-A0A4-4D21-B30B-20C03900E167}.ReleaseDemo|Win32.Build.0 = Release|Win32
		{C2961F5C-A0A4-4D21-B30B-20C03900E167}.ReleaseDemo|x64.ActiveCfg = Release|x64
		{C2961F5C-A0A4-4D21-B30B-20C03900E167}.ReleaseDemo|x64.Build.0 = Release|x64
		{C2961F5C-A0A4-4D21-B30B-20C03900E167}.ReleaseDemo|x86.ActiveCfg = Release|Win32
		{C2961F5C-A0A4-4D21-B30B-20C03900E167}.ReleaseDemo|x86.Build.0 = Release|Win32
		{C2961F5C-A0A4-4D21-B30B-20C03900E167}.ReleaseDemp|Win32.ActiveCfg = Release|Win32
		{C2961F5C-A0A4-4D21-B30B-20C03900E167}.ReleaseDemp|Win32.Build.0 = Release|Win32
		{C2961F5C-A0A4-4D21-B30B-20C03900E167}.ReleaseDemp|x64.ActiveCfg = Release|x64
		{C2961F5C-A0A4-4D21-B30B-20C03900E167}.ReleaseDemp|x64.Build.0 = Release|x64
		{C2961F5C-A0A4-4D21-B30B-20C03900E167}.ReleaseDemp|x86.ActiveCfg = Release|Win32
		{C2961F5C-A0A4-4D21-B30B-20C03900E167}.ReleaseDemp|x86.Build.0 = Release|Win32
		{C2961F5C-A0A4-4D21-B30B-20C03900E167}.RelWithDebInfo|Win32.ActiveCfg = Release|Win32
		{C2961F5C-A0A4-4D21-B30B-20C03900E167}.RelWithDebInfo|Win32.Build.0 = Release|Win32
		{C2961F5C-A0A4-4D21-B30B-20C03900E167}.RelWithDebInfo|x64.ActiveCfg = Release|x64
		{C2961F5C-A0A4-4D21-B30B-20C03900E167}.RelWithDebInfo|x64.Build.0 = Release|x64
		{C2961F5C-A0A4-4D21-B30B-20C03900E167}.RelWithDebInfo|x86.ActiveCfg = Release|Win32
		{C2961F5C-A0A4-4D21-B30B-20C03900E167}.RelWithDebInfo|x86.Build.0 = Release|Win32
		{C2961F5C-A0A4-4D21-B30B-20C03900E167}.Template|Win32.ActiveCfg = Release|Win32
		{C2961F5C-A0A4-4D21-B30B-20C03900E167}.Template|Win32.Build.0 = Release|Win32
		{C2961F5C-A0A4-4D21-B30B-20C03900E167}.Template|x64.ActiveCfg = Debug|x64
		{C2961F5C-A0A4-4D21-B30B-20C03900E167}.Template|x64.Build.0 = Debug|x64
		{C2961F5C-A0A4-4D21-B30B-20C03900E167}.Template|x86.ActiveCfg = Release|Win32
		{C2961F5C-A0A4-4D21-B30B-20C03900E167}.Template|x86.Build.0 = Release|Win32
		{5652C9E9-836B-6CF9-400A-99B813063F7B}.Debug|Win32.ActiveCfg = Debug|Win32
		{5652C9E9-836B-6CF9-400A-99B813063F7B}.Debug|x64.ActiveCfg = Debug|x64
		{5652C9E9-836B-6CF9-400A-99B813063F7B}.Debug|x64.Build.0 = Debug|x64
		{5652C9E9-836B-6CF9-400A-99B813063F7B}.Debug|x86.ActiveCfg = Debug|Win32
		{5652C9E9-836B-6CF9-400A-99B813063F7B}.Debug|x86.Build.0 = Debug|Win32
		{5652C9E9-836B-6CF9-400A-99B813063F7B}.DebugDemo|Win32.ActiveCfg = Debug|Win32
		{5652C9E9-836B-6CF9-400A-99B813063F7B}.DebugDemo|x64.ActiveCfg = Release|x64
		{5652C9E9-836B-6CF9-400A-99B813063F7B}.DebugDemo|x64.Build.0 = Release|x64
		{5652C9E9-836B-6CF9-400A-99B813063F7B}.DebugDemo|x86.ActiveCfg = Debug|Win32
		{5652C9E9-836B-6CF9-400A-99B813063F7B}.MinSizeRel|Win32.ActiveCfg = Release|Win32
		{5652C9E9-836B-6CF9-400A-99B813063F7B}.MinSizeRel|x64.ActiveCfg = Release|x64
		{5652C9E9-836B-6CF9-400A-99B813063F7B}.MinSizeRel|x64.Build.0 = Release|x64
		{5652C9E9-836B-6CF9-400A-99B813063F7B}.MinSizeRel|x86.ActiveCfg = Release|Win32
		{5652C9E9-836B-6CF9-400A-99B813063F7B}.Release|Win32.ActiveCfg = Release|Win32
		{5652C9E9-836B-6CF9-400A-99B813063F7B}.Release|x64.ActiveCfg = Release|x64
		{5652C9E9-836B-6CF9-400A-99B813063F7B}.Release|x64.Build.0 = Release|x64
		{5652C9E9-836B-6CF9-400A-99B813063F7B}.Release|x86.ActiveCfg = Release|Win32
		{5652C9E9-836B-6CF9-400A-99B813063F7B}.Release|x86.Build.0 = Release|Win32
		{5652C9E9-836B-6CF9-400A-99B813063F7B}.ReleaseDemo|Win32.ActiveCfg = Release|Win32
		{5652C9E9-836B-6CF9-400A-99B813063F7B}.ReleaseDemo|x64.ActiveCfg = Release|x64
		{5652C9E9-836B-6CF9-400A-99B813063F7B}.ReleaseDemo|x86.ActiveCfg = Release|Win32
		{5652C9E9-836B-6CF9-400A-99B813063F7B}.ReleaseDemp|Win32.ActiveCfg = Release|Win32
		{5652C9E9-836B-6CF9-400A-99B813063F7B}.ReleaseDemp|x64.ActiveCfg = Release|x64
		{5652C9E9-836B-6CF9-400A-99B813063F7B}.ReleaseDemp|x64.Build.0 = Release|x64
		{5652C9E9-836B-6CF9-400A-99B813063F7B}.ReleaseDemp|x86.ActiveCfg = Release|Win32
		{5652C9E9-836B-6CF9-400A-99B813063F7B}.RelWithDebInfo|Win32.ActiveCfg = Release|Win32
		{5652C9E9-836B-6CF9-400A-99B813063F7B}.RelWithDebInfo|x64.ActiveCfg = Release|x64
		{5652C9E9-836B-6CF9-400A-99B813063F7B}.RelWithDebInfo|x64.Build.0 = Release|x64
		{5652C9E9-836B-6CF9-400A-99B813063F7B}.RelWithDebInfo|x86.ActiveCfg = Release|Win32
		{5652C9E9-836B-6CF9-400A-99B813063F7B}.Template|Win32.ActiveCfg = Release|Win32
		{5652C9E9-836B-6CF9-400A-99B813063F7B}.Template|x64.ActiveCfg = Release|Win32
		{5652C9E9-836B-6CF9-400A-99B813063F7B}.Template|x86.ActiveCfg = Release|Win32
		{8CD38558-EF02-4981-BB59-60963A665736}.Debug|Win32.ActiveCfg = Debug|Win32
		{8CD38558-EF02-4981-BB59-60963A665736}.Debug|Win32.Build.0 = Debug|Win32
		{8CD38558-EF02-4981-BB59-60963A665736}.Debug|x64.ActiveCfg = Debug|x64
		{8CD38558-EF02-4981-BB59-60963A665736}.Debug|x64.Build.0 = Debug|x64
		{8CD38558-EF02-4981-BB59-60963A665736}.Debug|x86.ActiveCfg = Debug|Win32
		{8CD38558-EF02-4981-BB59-60963A665736}.Debug|x86.Build.0 = Debug|Win32
		{8CD38558-EF02-4981-BB59-60963A665736}.DebugDemo|Win32.ActiveCfg = Debug|Win32
		{8CD38558-EF02-4981-BB59-60963A665736}.DebugDemo|Win32.Build.0 = Debug|Win32
		{8CD38558-EF02-4981-BB59-60963A665736}.DebugDemo|x64.ActiveCfg = Debug|x64
		{8CD38558-EF02-4981-BB59-60963A665736}.DebugDemo|x64.Build.0 = Debug|x64
		{8CD38558-EF02-4981-BB59-60963A665736}.DebugDemo|x86.ActiveCfg = Debug|Win32
		{8CD38558-EF02-4981-BB59-60963A665736}.DebugDemo|x86.Build.0 = Debug|Win32
		{8CD38558-EF02-4981-BB59-60963A665736}.MinSizeRel|Win32.ActiveCfg = Template|Win32
		{8CD38558-EF02-4981-BB59-60963A665736}.MinSizeRel|Win32.Build.0 = Template|Win32
		{8CD38558-EF02-4981-BB59-60963A665736}.MinSizeRel|x64.ActiveCfg = Template|x64
		{8CD38558-EF02-4981-BB59-60963A665736}.MinSizeRel|x64.Build.0 = Template|x64
		{8CD38558-EF02-4981-BB59-60963A665736}.MinSizeRel|x86.ActiveCfg = Template|Win32
		{8CD38558-EF02-4981-BB59-60963A665736}.MinSizeRel|x86.Build.0 = Template|Win32
		{8CD38558-EF02-4981-BB59-60963A665736}.Release|Win32.ActiveCfg = Release|Win32
		{8CD38558-EF02-4981-BB59-60963A665736}.Release|Win32.Build.0 = Release|Win32
		{8CD38558-EF02-4981-BB59-60963A665736}.Release|x64.ActiveCfg = Release|x64
		{8CD38558-EF02-4981-BB59-60963A665736}.Release|x64.Build.0 = Release|x64
		{8CD38558-EF02-4981-BB59-60963A665736}.Release|x86.ActiveCfg = Release|Win32
		{8CD38558-EF02-4981-BB59-60963A665736}.Release|x86.Build.0 = Release|Win32
		{8CD38558-EF02-4981-BB59-60963A665736}.ReleaseDemo|Win32.ActiveCfg = ReleaseDemp|Win32
		{8CD38558-EF02-4981-BB59-60963A665736}.ReleaseDemo|Win32.Build.0 = ReleaseDemp|Win32
		{8CD38558-EF02-4981-BB59-60963A665736}.ReleaseDemo|x64.ActiveCfg = ReleaseDemp|x64
		{8CD38558-EF02-4981-BB59-60963A665736}.ReleaseDemo|x64.Build.0 = ReleaseDemp|x64
		{8CD38558-EF02-4981-BB59-60963A665736}.ReleaseDemo|x86.ActiveCfg = ReleaseDemp|Win32
		{8CD38558-EF02-4981-BB59-60963A665736}.ReleaseDemo|x86.Build.0 = ReleaseDemp|Win32
		{8CD38558-EF02-4981-BB59-60963A665736}.ReleaseDemp|Win32.ActiveCfg = ReleaseDemp|Win32
		{8CD38558-EF02-4981-BB59-60963A665736}.ReleaseDemp|Win32.Build.0 = ReleaseDemp|Win32
		{8CD38558-EF02-4981-BB59-60963A665736}.ReleaseDemp|x64.ActiveCfg = ReleaseDemp|x64
		{8CD38558-EF02-4981-BB59-60963A665736}.ReleaseDemp|x64.Build.0 = ReleaseDemp|x64
		{8CD38558-EF02-4981-BB59-60963A665736}.ReleaseDemp|x86.ActiveCfg = ReleaseDemp|Win32
		{8CD38558-EF02-4981-BB59-60963A665736}.ReleaseDemp|x86.Build.0 = ReleaseDemp|Win32
		{8CD38558-EF02-4981-BB59-60963A665736}.RelWithDebInfo|Win32.ActiveCfg = Release|Win32
		{8CD38558-EF02-4981-BB59-60963A665736}.RelWithDebInfo|Win32.Build.0 = Release|Win32
		{8CD38558-EF02-4981-BB59-60963A665736}.RelWithDebInfo|x64.ActiveCfg = Release|x64
		{8CD38558-EF02-4981-BB59-60963A665736}.RelWithDebInfo|x64.Build.0 = Release|x64
		{8CD38558-EF02-4981-BB59-60963A665736}.RelWithDebInfo|x86.ActiveCfg = Release|Win32
		{8CD38558-EF02-4981-BB59-60963A665736}.RelWithDebInfo|x86.Build.0 = Release|Win32
		{8CD38558-EF02-4981-BB59-60963A665736}.Template|Win32.ActiveCfg = Template|Win32
		{8CD38558-EF02-4981-BB59-60963A665736}.Template|Win32.Build.0 = Template|Win32
		{8CD38558-EF02-4981-BB59-60963A665736}.Template|x64.ActiveCfg = Template|x64
		{8CD38558-EF02-4981-BB59-60963A665736}.Template|x64.Build.0 = Template|x64
		{8CD38558-EF02-4981-BB59-60963A665736}.Template|x86.ActiveCfg = Template|Win32
		{8CD38558-EF02-4981-BB59-60963A665736}.Template|x86.Build.0 = Template|Win32
	EndGlobalSection
	GlobalSection(SolutionProperties) = preSolution
		HideSolutionNode = FALSE
	EndGlobalSection
	GlobalSection(ExtensibilityGlobals) = postSolution
		SolutionGuid = {17C1B98A-D87C-406A-84C8-0F27457276C9}
	EndGlobalSection
EndGlobal
